
Microsoft Visual Studio Solution File, Format Version 12.00
# Visual Studio Version 17
VisualStudioVersion = 17.9.34728.123
MinimumVisualStudioVersion = 10.0.40219.1
Project("{FAE04EC0-301F-11D3-BF4B-00C04F79EFBC}") = "sb-sharp-u8", "sb-sharp-u8\sb-sharp-u8.csproj", "{7437391E-B839-452E-B640-C1B99C5DBBCD}"
EndProject
Global
	GlobalSection(SolutionConfigurationPlatforms) = preSolution
		Debug|Any CPU = Debug|Any CPU
		Release|Any CPU = Release|Any CPU
	EndGlobalSection
	GlobalSection(ProjectConfigurationPlatforms) = postSolution
		{7437391E-B839-452E-B640-C1B99C5DBBCD}.Debug|Any CPU.ActiveCfg = Debug|Any CPU
		{7437391E-B839-452E-B640-C1B99C5DBBCD}.Debug|Any CPU.Build.0 = Debug|Any CPU
		{7437391E-B839-452E-B640-C1B99C5DBBCD}.Release|Any CPU.ActiveCfg = Release|Any CPU
		{7437391E-B839-452E-B640-C1B99C5DBBCD}.Release|Any CPU.Build.0 = Release|Any CPU
	EndGlobalSection
	GlobalSection(SolutionProperties) = preSolution
		HideSolutionNode = FALSE
	EndGlobalSection
	GlobalSection(ExtensibilityGlobals) = postSolution
		SolutionGuid = {2DF37543-D33D-4A39-A0B9-B979D85D7B3D}
	EndGlobalSection
EndGlobal
